
Microsoft Visual Studio Solution File, Format Version 12.00
# Visual Studio 15
VisualStudioVersion = 15.0.27428.2037
MinimumVisualStudioVersion = 10.0.40219.1
Project("{FAE04EC0-301F-11D3-BF4B-00C04F79EFBC}") = "ShareConfig.Core", "ShareConfig.Core\ShareConfig.Core.csproj", "{EDE2075F-75F4-4C4A-8325-ECD3DD97578C}"
EndProject
Project("{FAE04EC0-301F-11D3-BF4B-00C04F79EFBC}") = "ConsulShareConfig", "ConsulShareConfig\ConsulShareConfig.csproj", "{FCBDC0CF-35FC-483D-BFD2-927DA1AEE56A}"
EndProject
Global
	GlobalSection(SolutionConfigurationPlatforms) = preSolution
		Debug|Any CPU = Debug|Any CPU
		Release|Any CPU = Release|Any CPU
	EndGlobalSection
	GlobalSection(ProjectConfigurationPlatforms) = postSolution
		{EDE2075F-75F4-4C4A-8325-ECD3DD97578C}.Debug|Any CPU.ActiveCfg = Debug|Any CPU
		{EDE2075F-75F4-4C4A-8325-ECD3DD97578C}.Debug|Any CPU.Build.0 = Debug|Any CPU
		{EDE2075F-75F4-4C4A-8325-ECD3DD97578C}.Release|Any CPU.ActiveCfg = Release|Any CPU
		{EDE2075F-75F4-4C4A-8325-ECD3DD97578C}.Release|Any CPU.Build.0 = Release|Any CPU
		{FCBDC0CF-35FC-483D-BFD2-927DA1AEE56A}.Debug|Any CPU.ActiveCfg = Debug|Any CPU
		{FCBDC0CF-35FC-483D-BFD2-927DA1AEE56A}.Debug|Any CPU.Build.0 = Debug|Any CPU
		{FCBDC0CF-35FC-483D-BFD2-927DA1AEE56A}.Release|Any CPU.ActiveCfg = Release|Any CPU
		{FCBDC0CF-35FC-483D-BFD2-927DA1AEE56A}.Release|Any CPU.Build.0 = Release|Any CPU
	EndGlobalSection
	GlobalSection(SolutionProperties) = preSolution
		HideSolutionNode = FALSE
	EndGlobalSection
	GlobalSection(ExtensibilityGlobals) = postSolution
		SolutionGuid = {31B4F8DC-6D1D-4F0B-BB49-D4AAE9E8C4B3}
	EndGlobalSection
EndGlobal
